PODS:
  - device_info_plus (0.0.1):
    - Flutter
  - Flutter (1.0.0)
  - flutter_ringtone_player (0.0.1):
    - Flutter
  - Mute (0.6.1)
  - path_provider_foundation (0.0.1):
    - Flutter
    - FlutterMacOS
  - sound_mode (0.0.1):
    - Flutter
    - Mute (~> 0.6.0)
  - vibration (3.0.0):
    - Flutter

DEPENDENCIES:
  - device_info_plus (from `.symlinks/plugins/device_info_plus/ios`)
  - Flutter (from `Flutter`)
  - flutter_ringtone_player (from `.symlinks/plugins/flutter_ringtone_player/ios`)
  - path_provider_foundation (from `.symlinks/plugins/path_provider_foundation/darwin`)
  - sound_mode (from `.symlinks/plugins/sound_mode/ios`)
  - vibration (from `.symlinks/plugins/vibration/ios`)

SPEC REPOS:
  trunk:
    - Mute

EXTERNAL SOURCES:
  device_info_plus:
    :path: ".symlinks/plugins/device_info_plus/ios"
  Flutter:
    :path: Flutter
  flutter_ringtone_player:
    :path: ".symlinks/plugins/flutter_ringtone_player/ios"
  path_provider_foundation:
    :path: ".symlinks/plugins/path_provider_foundation/darwin"
  sound_mode:
    :path: ".symlinks/plugins/sound_mode/ios"
  vibration:
    :path: ".symlinks/plugins/vibration/ios"

SPEC CHECKSUMS:
  device_info_plus: 21fcca2080fbcd348be798aa36c3e5ed849eefbe
  Flutter: e0871f40cf51350855a761d2e70bf5af5b9b5de7
  flutter_ringtone_player: a77c42464250845611eaa44c27e8714acc800138
  Mute: 20135a96076f140cc82bfc8b810e2d6150d8ec7e
  path_provider_foundation: 080d55be775b7414fd5a5ef3ac137b97b097e564
  sound_mode: 53bd43e2fb1f640571ea74931ca5efdea5ddfc97
  vibration: 69774ad57825b11c951ee4c46155f455d7a592ce

PODFILE CHECKSUM: 4305caec6b40dde0ae97be1573c53de1882a07e5

COCOAPODS: 1.16.2
